
Microsoft Visual Studio Solution File, Format Version 12.00
# Visual Studio Version 16
VisualStudioVersion = 16.0.29318.209
MinimumVisualStudioVersion = 10.0.40219.1
Project("{9A19103F-16F7-4668-BE54-9A1E7A4F7556}") = "ApsimNG", "ApsimNG\ApsimNG.csproj", "{83F4BD8A-A0D1-4AA7-9DC7-42AF7D9BACBA}"
EndProject
Project("{9A19103F-16F7-4668-BE54-9A1E7A4F7556}") = "APSIM.Shared", "APSIM.Shared\APSIM.Shared.csproj", "{3F3CAE15-7EDF-4FDC-BC3A-7A5F85D3AF54}"
EndProject
Project("{9A19103F-16F7-4668-BE54-9A1E7A4F7556}") = "Models", "Models\Models.csproj", "{C2E3C208-655C-453E-AED2-1E9E94EC5EEE}"
EndProject
Project("{2150E333-8FDC-42A3-9474-1A3956D46DE8}") = ".nuget", ".nuget", "{130772DF-A5C9-456A-B917-9F3D717F36D6}"
	ProjectSection(SolutionItems) = preProject
		.nuget\packages.config = .nuget\packages.config
	EndProjectSection
EndProject
Project("{9A19103F-16F7-4668-BE54-9A1E7A4F7556}") = "APSIMRunner", "APSIMRunner\APSIMRunner.csproj", "{D798B461-77B4-46C5-9368-B770FF79DF1C}"
EndProject
Project("{9A19103F-16F7-4668-BE54-9A1E7A4F7556}") = "UnitTests", "Tests\UnitTests\UnitTests.csproj", "{45A670BC-4A44-4944-A4B4-6FF4F198454D}"
EndProject
Global
	GlobalSection(SolutionConfigurationPlatforms) = preSolution
		Debug|Any CPU = Debug|Any CPU
		Debug|x86 = Debug|x86
		DebugAnyCPU|Any CPU = DebugAnyCPU|Any CPU
		DebugAnyCPU|x86 = DebugAnyCPU|x86
		Release|Any CPU = Release|Any CPU
		Release|x86 = Release|x86
	EndGlobalSection
	GlobalSection(ProjectConfigurationPlatforms) = postSolution
		{83F4BD8A-A0D1-4AA7-9DC7-42AF7D9BACBA}.Debug|Any CPU.ActiveCfg = Debug|Any CPU
		{83F4BD8A-A0D1-4AA7-9DC7-42AF7D9BACBA}.Debug|Any CPU.Build.0 = Debug|Any CPU
		{83F4BD8A-A0D1-4AA7-9DC7-42AF7D9BACBA}.Debug|x86.ActiveCfg = Debug|Any CPU
		{83F4BD8A-A0D1-4AA7-9DC7-42AF7D9BACBA}.Debug|x86.Build.0 = Debug|Any CPU
		{83F4BD8A-A0D1-4AA7-9DC7-42AF7D9BACBA}.DebugAnyCPU|Any CPU.ActiveCfg = Debug|Any CPU
		{83F4BD8A-A0D1-4AA7-9DC7-42AF7D9BACBA}.DebugAnyCPU|Any CPU.Build.0 = Debug|Any CPU
		{83F4BD8A-A0D1-4AA7-9DC7-42AF7D9BACBA}.DebugAnyCPU|x86.ActiveCfg = Debug|Any CPU
		{83F4BD8A-A0D1-4AA7-9DC7-42AF7D9BACBA}.DebugAnyCPU|x86.Build.0 = Debug|Any CPU
		{83F4BD8A-A0D1-4AA7-9DC7-42AF7D9BACBA}.Release|Any CPU.ActiveCfg = Release|Any CPU
		{83F4BD8A-A0D1-4AA7-9DC7-42AF7D9BACBA}.Release|Any CPU.Build.0 = Release|Any CPU
		{83F4BD8A-A0D1-4AA7-9DC7-42AF7D9BACBA}.Release|x86.ActiveCfg = Release|Any CPU
		{83F4BD8A-A0D1-4AA7-9DC7-42AF7D9BACBA}.Release|x86.Build.0 = Release|Any CPU
		{3F3CAE15-7EDF-4FDC-BC3A-7A5F85D3AF54}.Debug|Any CPU.ActiveCfg = Debug|Any CPU
		{3F3CAE15-7EDF-4FDC-BC3A-7A5F85D3AF54}.Debug|Any CPU.Build.0 = Debug|Any CPU
		{3F3CAE15-7EDF-4FDC-BC3A-7A5F85D3AF54}.Debug|x86.ActiveCfg = Debug|Any CPU
		{3F3CAE15-7EDF-4FDC-BC3A-7A5F85D3AF54}.Debug|x86.Build.0 = Debug|Any CPU
		{3F3CAE15-7EDF-4FDC-BC3A-7A5F85D3AF54}.DebugAnyCPU|Any CPU.ActiveCfg = Debug|Any CPU
		{3F3CAE15-7EDF-4FDC-BC3A-7A5F85D3AF54}.DebugAnyCPU|Any CPU.Build.0 = Debug|Any CPU
		{3F3CAE15-7EDF-4FDC-BC3A-7A5F85D3AF54}.DebugAnyCPU|x86.ActiveCfg = Debug|Any CPU
		{3F3CAE15-7EDF-4FDC-BC3A-7A5F85D3AF54}.DebugAnyCPU|x86.Build.0 = Debug|Any CPU
		{3F3CAE15-7EDF-4FDC-BC3A-7A5F85D3AF54}.Release|Any CPU.ActiveCfg = Release|Any CPU
		{3F3CAE15-7EDF-4FDC-BC3A-7A5F85D3AF54}.Release|Any CPU.Build.0 = Release|Any CPU
		{3F3CAE15-7EDF-4FDC-BC3A-7A5F85D3AF54}.Release|x86.ActiveCfg = Release|Any CPU
		{3F3CAE15-7EDF-4FDC-BC3A-7A5F85D3AF54}.Release|x86.Build.0 = Release|Any CPU
		{C2E3C208-655C-453E-AED2-1E9E94EC5EEE}.Debug|Any CPU.ActiveCfg = Debug|Any CPU
		{C2E3C208-655C-453E-AED2-1E9E94EC5EEE}.Debug|Any CPU.Build.0 = Debug|Any CPU
		{C2E3C208-655C-453E-AED2-1E9E94EC5EEE}.Debug|x86.ActiveCfg = Debug|Any CPU
		{C2E3C208-655C-453E-AED2-1E9E94EC5EEE}.Debug|x86.Build.0 = Debug|Any CPU
		{C2E3C208-655C-453E-AED2-1E9E94EC5EEE}.DebugAnyCPU|Any CPU.ActiveCfg = Debug|Any CPU
		{C2E3C208-655C-453E-AED2-1E9E94EC5EEE}.DebugAnyCPU|Any CPU.Build.0 = Debug|Any CPU
		{C2E3C208-655C-453E-AED2-1E9E94EC5EEE}.DebugAnyCPU|x86.ActiveCfg = Debug|Any CPU
		{C2E3C208-655C-453E-AED2-1E9E94EC5EEE}.DebugAnyCPU|x86.Build.0 = Debug|Any CPU
		{C2E3C208-655C-453E-AED2-1E9E94EC5EEE}.Release|Any CPU.ActiveCfg = Release|Any CPU
		{C2E3C208-655C-453E-AED2-1E9E94EC5EEE}.Release|Any CPU.Build.0 = Release|Any CPU
		{C2E3C208-655C-453E-AED2-1E9E94EC5EEE}.Release|x86.ActiveCfg = Release|Any CPU
		{C2E3C208-655C-453E-AED2-1E9E94EC5EEE}.Release|x86.Build.0 = Release|Any CPU
		{D798B461-77B4-46C5-9368-B770FF79DF1C}.Debug|Any CPU.ActiveCfg = Debug|Any CPU
		{D798B461-77B4-46C5-9368-B770FF79DF1C}.Debug|Any CPU.Build.0 = Debug|Any CPU
		{D798B461-77B4-46C5-9368-B770FF79DF1C}.Debug|x86.ActiveCfg = Debug|Any CPU
		{D798B461-77B4-46C5-9368-B770FF79DF1C}.Debug|x86.Build.0 = Debug|Any CPU
		{D798B461-77B4-46C5-9368-B770FF79DF1C}.DebugAnyCPU|Any CPU.ActiveCfg = Debug|Any CPU
		{D798B461-77B4-46C5-9368-B770FF79DF1C}.DebugAnyCPU|Any CPU.Build.0 = Debug|Any CPU
		{D798B461-77B4-46C5-9368-B770FF79DF1C}.DebugAnyCPU|x86.ActiveCfg = Debug|Any CPU
		{D798B461-77B4-46C5-9368-B770FF79DF1C}.DebugAnyCPU|x86.Build.0 = Debug|Any CPU
		{D798B461-77B4-46C5-9368-B770FF79DF1C}.Release|Any CPU.ActiveCfg = Release|Any CPU
		{D798B461-77B4-46C5-9368-B770FF79DF1C}.Release|Any CPU.Build.0 = Release|Any CPU
		{D798B461-77B4-46C5-9368-B770FF79DF1C}.Release|x86.ActiveCfg = Release|Any CPU
		{D798B461-77B4-46C5-9368-B770FF79DF1C}.Release|x86.Build.0 = Release|Any CPU
		{45A670BC-4A44-4944-A4B4-6FF4F198454D}.Debug|Any CPU.ActiveCfg = Debug|Any CPU
		{45A670BC-4A44-4944-A4B4-6FF4F198454D}.Debug|Any CPU.Build.0 = Debug|Any CPU
		{45A670BC-4A44-4944-A4B4-6FF4F198454D}.Debug|x86.ActiveCfg = Debug|Any CPU
		{45A670BC-4A44-4944-A4B4-6FF4F198454D}.Debug|x86.Build.0 = Debug|Any CPU
		{45A670BC-4A44-4944-A4B4-6FF4F198454D}.DebugAnyCPU|Any CPU.ActiveCfg = Debug|Any CPU
		{45A670BC-4A44-4944-A4B4-6FF4F198454D}.DebugAnyCPU|Any CPU.Build.0 = Debug|Any CPU
		{45A670BC-4A44-4944-A4B4-6FF4F198454D}.DebugAnyCPU|x86.ActiveCfg = Debug|Any CPU
		{45A670BC-4A44-4944-A4B4-6FF4F198454D}.DebugAnyCPU|x86.Build.0 = Debug|Any CPU
		{45A670BC-4A44-4944-A4B4-6FF4F198454D}.Release|Any CPU.ActiveCfg = Release|Any CPU
		{45A670BC-4A44-4944-A4B4-6FF4F198454D}.Release|Any CPU.Build.0 = Release|Any CPU
		{45A670BC-4A44-4944-A4B4-6FF4F198454D}.Release|x86.ActiveCfg = Release|Any CPU
		{45A670BC-4A44-4944-A4B4-6FF4F198454D}.Release|x86.Build.0 = Release|Any CPU
	EndGlobalSection
	GlobalSection(SolutionProperties) = preSolution
		HideSolutionNode = FALSE
	EndGlobalSection
	GlobalSection(ExtensibilityGlobals) = postSolution
		SolutionGuid = {CD3797E2-218A-4801-84B6-89362506F42F}
	EndGlobalSection
EndGlobal
