
Microsoft Visual Studio Solution File, Format Version 12.00
# Visual Studio Version 17
VisualStudioVersion = 17.5.33516.290
MinimumVisualStudioVersion = 10.0.40219.1
Project("{9A19103F-16F7-4668-BE54-9A1E7A4F7556}") = "ApsimNG", "ApsimNG\ApsimNG.csproj", "{83F4BD8A-A0D1-4AA7-9DC7-42AF7D9BACBA}"
EndProject
Project("{9A19103F-16F7-4668-BE54-9A1E7A4F7556}") = "APSIM.Shared", "APSIM.Shared\APSIM.Shared.csproj", "{3F3CAE15-7EDF-4FDC-BC3A-7A5F85D3AF54}"
EndProject
Project("{9A19103F-16F7-4668-BE54-9A1E7A4F7556}") = "Models", "Models\Models.csproj", "{C2E3C208-655C-453E-AED2-1E9E94EC5EEE}"
EndProject
Project("{2150E333-8FDC-42A3-9474-1A3956D46DE8}") = ".nuget", ".nuget", "{130772DF-A5C9-456A-B917-9F3D717F36D6}"
	ProjectSection(SolutionItems) = preProject
		.nuget\packages.config = .nuget\packages.config
	EndProjectSection
EndProject
Project("{9A19103F-16F7-4668-BE54-9A1E7A4F7556}") = "UnitTests", "Tests\UnitTests\UnitTests.csproj", "{45A670BC-4A44-4944-A4B4-6FF4F198454D}"
EndProject
Project("{9A19103F-16F7-4668-BE54-9A1E7A4F7556}") = "APSIM.Interop", "APSIM.Interop\APSIM.Interop.csproj", "{D7C5ABB8-13D9-4088-9204-EB2A539F6D78}"
EndProject
Project("{9A19103F-16F7-4668-BE54-9A1E7A4F7556}") = "APSIM.Cli", "APSIM.Cli\APSIM.Cli.csproj", "{948DE3BD-9906-468B-80EC-C2CC6D2B7837}"
EndProject
Project("{9A19103F-16F7-4668-BE54-9A1E7A4F7556}") = "APSIM.Server", "APSIM.Server\V1\APSIM.Server.csproj", "{AD11D2F4-469D-4D43-AE6B-BD15FDE9BBAF}"
EndProject
Project("{9A19103F-16F7-4668-BE54-9A1E7A4F7556}") = "APSIM.ZMQServer", "APSIM.Server\ZMQ+msgpack\APSIM.ZMQServer.csproj", "{8A93EF35-13BB-4538-A523-2FF4D225A0CA}"
EndProject
Project("{9A19103F-16F7-4668-BE54-9A1E7A4F7556}") = "APSIM.Documentation", "APSIM.Documentation\APSIM.Documentation.csproj", "{99742687-C9AD-4BF7-866D-5C61BA00EB57}"
EndProject
Project("{2150E333-8FDC-42A3-9474-1A3956D46DE8}") = "Solution Items", "Solution Items", "{D1EC252D-C551-4D5A-A257-CD4D15BEF101}"
	ProjectSection(SolutionItems) = preProject
		.editorconfig = .editorconfig
	EndProjectSection
EndProject
Project("{9A19103F-16F7-4668-BE54-9A1E7A4F7556}") = "DeepCloner.Core", "DeepCloner.Core\DeepCloner.Core.csproj", "{E444CDEC-DB43-4FE6-993A-ABE126B9CF14}"
EndProject
Project("{FAE04EC0-301F-11D3-BF4B-00C04F79EFBC}") = "Gtk.Sheet", "Gtk.Sheet\Gtk.Sheet.csproj", "{94D1379D-F504-4177-936A-AB48C2D3737A}"
EndProject
Global
	GlobalSection(SolutionConfigurationPlatforms) = preSolution
		DebugAnyCPU|Any CPU = DebugAnyCPU|Any CPU
		DebugAnyCPU|x86 = DebugAnyCPU|x86
		Debug|Any CPU = Debug|Any CPU
		Debug|x86 = Debug|x86
		Release|Any CPU = Release|Any CPU
		Release|x86 = Release|x86
	EndGlobalSection
	GlobalSection(ProjectConfigurationPlatforms) = postSolution
		{83F4BD8A-A0D1-4AA7-9DC7-42AF7D9BACBA}.DebugAnyCPU|Any CPU.ActiveCfg = Debug|Any CPU
		{83F4BD8A-A0D1-4AA7-9DC7-42AF7D9BACBA}.DebugAnyCPU|Any CPU.Build.0 = Debug|Any CPU
		{83F4BD8A-A0D1-4AA7-9DC7-42AF7D9BACBA}.DebugAnyCPU|x86.ActiveCfg = Debug|Any CPU
		{83F4BD8A-A0D1-4AA7-9DC7-42AF7D9BACBA}.DebugAnyCPU|x86.Build.0 = Debug|Any CPU
		{83F4BD8A-A0D1-4AA7-9DC7-42AF7D9BACBA}.Debug|Any CPU.ActiveCfg = Debug|Any CPU
		{83F4BD8A-A0D1-4AA7-9DC7-42AF7D9BACBA}.Debug|Any CPU.Build.0 = Debug|Any CPU
		{83F4BD8A-A0D1-4AA7-9DC7-42AF7D9BACBA}.Debug|x86.ActiveCfg = Debug|Any CPU
		{83F4BD8A-A0D1-4AA7-9DC7-42AF7D9BACBA}.Debug|x86.Build.0 = Debug|Any CPU
		{83F4BD8A-A0D1-4AA7-9DC7-42AF7D9BACBA}.Release|Any CPU.ActiveCfg = Release|Any CPU
		{83F4BD8A-A0D1-4AA7-9DC7-42AF7D9BACBA}.Release|Any CPU.Build.0 = Release|Any CPU
		{83F4BD8A-A0D1-4AA7-9DC7-42AF7D9BACBA}.Release|x86.ActiveCfg = Release|Any CPU
		{83F4BD8A-A0D1-4AA7-9DC7-42AF7D9BACBA}.Release|x86.Build.0 = Release|Any CPU
		{3F3CAE15-7EDF-4FDC-BC3A-7A5F85D3AF54}.DebugAnyCPU|Any CPU.ActiveCfg = Debug|Any CPU
		{3F3CAE15-7EDF-4FDC-BC3A-7A5F85D3AF54}.DebugAnyCPU|Any CPU.Build.0 = Debug|Any CPU
		{3F3CAE15-7EDF-4FDC-BC3A-7A5F85D3AF54}.DebugAnyCPU|x86.ActiveCfg = Debug|Any CPU
		{3F3CAE15-7EDF-4FDC-BC3A-7A5F85D3AF54}.DebugAnyCPU|x86.Build.0 = Debug|Any CPU
		{3F3CAE15-7EDF-4FDC-BC3A-7A5F85D3AF54}.Debug|Any CPU.ActiveCfg = Debug|Any CPU
		{3F3CAE15-7EDF-4FDC-BC3A-7A5F85D3AF54}.Debug|Any CPU.Build.0 = Debug|Any CPU
		{3F3CAE15-7EDF-4FDC-BC3A-7A5F85D3AF54}.Debug|x86.ActiveCfg = Debug|Any CPU
		{3F3CAE15-7EDF-4FDC-BC3A-7A5F85D3AF54}.Debug|x86.Build.0 = Debug|Any CPU
		{3F3CAE15-7EDF-4FDC-BC3A-7A5F85D3AF54}.Release|Any CPU.ActiveCfg = Release|Any CPU
		{3F3CAE15-7EDF-4FDC-BC3A-7A5F85D3AF54}.Release|Any CPU.Build.0 = Release|Any CPU
		{3F3CAE15-7EDF-4FDC-BC3A-7A5F85D3AF54}.Release|x86.ActiveCfg = Release|Any CPU
		{3F3CAE15-7EDF-4FDC-BC3A-7A5F85D3AF54}.Release|x86.Build.0 = Release|Any CPU
		{C2E3C208-655C-453E-AED2-1E9E94EC5EEE}.DebugAnyCPU|Any CPU.ActiveCfg = Debug|Any CPU
		{C2E3C208-655C-453E-AED2-1E9E94EC5EEE}.DebugAnyCPU|Any CPU.Build.0 = Debug|Any CPU
		{C2E3C208-655C-453E-AED2-1E9E94EC5EEE}.DebugAnyCPU|x86.ActiveCfg = Debug|Any CPU
		{C2E3C208-655C-453E-AED2-1E9E94EC5EEE}.DebugAnyCPU|x86.Build.0 = Debug|Any CPU
		{C2E3C208-655C-453E-AED2-1E9E94EC5EEE}.Debug|Any CPU.ActiveCfg = Debug|Any CPU
		{C2E3C208-655C-453E-AED2-1E9E94EC5EEE}.Debug|Any CPU.Build.0 = Debug|Any CPU
		{C2E3C208-655C-453E-AED2-1E9E94EC5EEE}.Debug|x86.ActiveCfg = Debug|Any CPU
		{C2E3C208-655C-453E-AED2-1E9E94EC5EEE}.Debug|x86.Build.0 = Debug|Any CPU
		{C2E3C208-655C-453E-AED2-1E9E94EC5EEE}.Release|Any CPU.ActiveCfg = Release|Any CPU
		{C2E3C208-655C-453E-AED2-1E9E94EC5EEE}.Release|Any CPU.Build.0 = Release|Any CPU
		{C2E3C208-655C-453E-AED2-1E9E94EC5EEE}.Release|x86.ActiveCfg = Release|Any CPU
		{C2E3C208-655C-453E-AED2-1E9E94EC5EEE}.Release|x86.Build.0 = Release|Any CPU
		{45A670BC-4A44-4944-A4B4-6FF4F198454D}.DebugAnyCPU|Any CPU.ActiveCfg = Debug|Any CPU
		{45A670BC-4A44-4944-A4B4-6FF4F198454D}.DebugAnyCPU|Any CPU.Build.0 = Debug|Any CPU
		{45A670BC-4A44-4944-A4B4-6FF4F198454D}.DebugAnyCPU|x86.ActiveCfg = Debug|Any CPU
		{45A670BC-4A44-4944-A4B4-6FF4F198454D}.DebugAnyCPU|x86.Build.0 = Debug|Any CPU
		{45A670BC-4A44-4944-A4B4-6FF4F198454D}.Debug|Any CPU.ActiveCfg = Debug|Any CPU
		{45A670BC-4A44-4944-A4B4-6FF4F198454D}.Debug|Any CPU.Build.0 = Debug|Any CPU
		{45A670BC-4A44-4944-A4B4-6FF4F198454D}.Debug|x86.ActiveCfg = Debug|Any CPU
		{45A670BC-4A44-4944-A4B4-6FF4F198454D}.Debug|x86.Build.0 = Debug|Any CPU
		{45A670BC-4A44-4944-A4B4-6FF4F198454D}.Release|Any CPU.ActiveCfg = Release|Any CPU
		{45A670BC-4A44-4944-A4B4-6FF4F198454D}.Release|Any CPU.Build.0 = Release|Any CPU
		{45A670BC-4A44-4944-A4B4-6FF4F198454D}.Release|x86.ActiveCfg = Release|Any CPU
		{45A670BC-4A44-4944-A4B4-6FF4F198454D}.Release|x86.Build.0 = Release|Any CPU
		{D7C5ABB8-13D9-4088-9204-EB2A539F6D78}.DebugAnyCPU|Any CPU.ActiveCfg = Debug|Any CPU
		{D7C5ABB8-13D9-4088-9204-EB2A539F6D78}.DebugAnyCPU|Any CPU.Build.0 = Debug|Any CPU
		{D7C5ABB8-13D9-4088-9204-EB2A539F6D78}.DebugAnyCPU|x86.ActiveCfg = Debug|Any CPU
		{D7C5ABB8-13D9-4088-9204-EB2A539F6D78}.DebugAnyCPU|x86.Build.0 = Debug|Any CPU
		{D7C5ABB8-13D9-4088-9204-EB2A539F6D78}.Debug|Any CPU.ActiveCfg = Debug|Any CPU
		{D7C5ABB8-13D9-4088-9204-EB2A539F6D78}.Debug|Any CPU.Build.0 = Debug|Any CPU
		{D7C5ABB8-13D9-4088-9204-EB2A539F6D78}.Debug|x86.ActiveCfg = Debug|Any CPU
		{D7C5ABB8-13D9-4088-9204-EB2A539F6D78}.Debug|x86.Build.0 = Debug|Any CPU
		{D7C5ABB8-13D9-4088-9204-EB2A539F6D78}.Release|Any CPU.ActiveCfg = Release|Any CPU
		{D7C5ABB8-13D9-4088-9204-EB2A539F6D78}.Release|Any CPU.Build.0 = Release|Any CPU
		{D7C5ABB8-13D9-4088-9204-EB2A539F6D78}.Release|x86.ActiveCfg = Release|Any CPU
		{D7C5ABB8-13D9-4088-9204-EB2A539F6D78}.Release|x86.Build.0 = Release|Any CPU
		{948DE3BD-9906-468B-80EC-C2CC6D2B7837}.DebugAnyCPU|Any CPU.ActiveCfg = Debug|Any CPU
		{948DE3BD-9906-468B-80EC-C2CC6D2B7837}.DebugAnyCPU|Any CPU.Build.0 = Debug|Any CPU
		{948DE3BD-9906-468B-80EC-C2CC6D2B7837}.DebugAnyCPU|x86.ActiveCfg = Debug|Any CPU
		{948DE3BD-9906-468B-80EC-C2CC6D2B7837}.DebugAnyCPU|x86.Build.0 = Debug|Any CPU
		{948DE3BD-9906-468B-80EC-C2CC6D2B7837}.Debug|Any CPU.ActiveCfg = Debug|Any CPU
		{948DE3BD-9906-468B-80EC-C2CC6D2B7837}.Debug|Any CPU.Build.0 = Debug|Any CPU
		{948DE3BD-9906-468B-80EC-C2CC6D2B7837}.Debug|x86.ActiveCfg = Debug|Any CPU
		{948DE3BD-9906-468B-80EC-C2CC6D2B7837}.Debug|x86.Build.0 = Debug|Any CPU
		{948DE3BD-9906-468B-80EC-C2CC6D2B7837}.Release|Any CPU.ActiveCfg = Release|Any CPU
		{948DE3BD-9906-468B-80EC-C2CC6D2B7837}.Release|Any CPU.Build.0 = Release|Any CPU
		{948DE3BD-9906-468B-80EC-C2CC6D2B7837}.Release|x86.ActiveCfg = Release|Any CPU
		{948DE3BD-9906-468B-80EC-C2CC6D2B7837}.Release|x86.Build.0 = Release|Any CPU
		{AD11D2F4-469D-4D43-AE6B-BD15FDE9BBAF}.DebugAnyCPU|Any CPU.ActiveCfg = Debug|Any CPU
		{AD11D2F4-469D-4D43-AE6B-BD15FDE9BBAF}.DebugAnyCPU|Any CPU.Build.0 = Debug|Any CPU
		{AD11D2F4-469D-4D43-AE6B-BD15FDE9BBAF}.DebugAnyCPU|x86.ActiveCfg = Debug|Any CPU
		{AD11D2F4-469D-4D43-AE6B-BD15FDE9BBAF}.DebugAnyCPU|x86.Build.0 = Debug|Any CPU
		{AD11D2F4-469D-4D43-AE6B-BD15FDE9BBAF}.Debug|Any CPU.ActiveCfg = Debug|Any CPU
		{AD11D2F4-469D-4D43-AE6B-BD15FDE9BBAF}.Debug|Any CPU.Build.0 = Debug|Any CPU
		{AD11D2F4-469D-4D43-AE6B-BD15FDE9BBAF}.Debug|x86.ActiveCfg = Debug|Any CPU
		{AD11D2F4-469D-4D43-AE6B-BD15FDE9BBAF}.Debug|x86.Build.0 = Debug|Any CPU
		{AD11D2F4-469D-4D43-AE6B-BD15FDE9BBAF}.Release|Any CPU.ActiveCfg = Release|Any CPU
		{AD11D2F4-469D-4D43-AE6B-BD15FDE9BBAF}.Release|Any CPU.Build.0 = Release|Any CPU
		{AD11D2F4-469D-4D43-AE6B-BD15FDE9BBAF}.Release|x86.ActiveCfg = Release|Any CPU
		{AD11D2F4-469D-4D43-AE6B-BD15FDE9BBAF}.Release|x86.Build.0 = Release|Any CPU
		{8A93EF35-13BB-4538-A523-2FF4D225A0CA}.DebugAnyCPU|Any CPU.ActiveCfg = Debug|Any CPU
		{8A93EF35-13BB-4538-A523-2FF4D225A0CA}.DebugAnyCPU|Any CPU.Build.0 = Debug|Any CPU
		{8A93EF35-13BB-4538-A523-2FF4D225A0CA}.DebugAnyCPU|x86.ActiveCfg = Debug|Any CPU
		{8A93EF35-13BB-4538-A523-2FF4D225A0CA}.DebugAnyCPU|x86.Build.0 = Debug|Any CPU
		{8A93EF35-13BB-4538-A523-2FF4D225A0CA}.Debug|Any CPU.ActiveCfg = Debug|Any CPU
		{8A93EF35-13BB-4538-A523-2FF4D225A0CA}.Debug|Any CPU.Build.0 = Debug|Any CPU
		{8A93EF35-13BB-4538-A523-2FF4D225A0CA}.Debug|x86.ActiveCfg = Debug|Any CPU
		{8A93EF35-13BB-4538-A523-2FF4D225A0CA}.Debug|x86.Build.0 = Debug|Any CPU
		{8A93EF35-13BB-4538-A523-2FF4D225A0CA}.Release|Any CPU.ActiveCfg = Release|Any CPU
		{8A93EF35-13BB-4538-A523-2FF4D225A0CA}.Release|Any CPU.Build.0 = Release|Any CPU
		{8A93EF35-13BB-4538-A523-2FF4D225A0CA}.Release|x86.ActiveCfg = Release|Any CPU
		{8A93EF35-13BB-4538-A523-2FF4D225A0CA}.Release|x86.Build.0 = Release|Any CPU
		{99742687-C9AD-4BF7-866D-5C61BA00EB57}.DebugAnyCPU|Any CPU.ActiveCfg = Debug|Any CPU
		{99742687-C9AD-4BF7-866D-5C61BA00EB57}.DebugAnyCPU|Any CPU.Build.0 = Debug|Any CPU
		{99742687-C9AD-4BF7-866D-5C61BA00EB57}.DebugAnyCPU|x86.ActiveCfg = Debug|Any CPU
		{99742687-C9AD-4BF7-866D-5C61BA00EB57}.DebugAnyCPU|x86.Build.0 = Debug|Any CPU
		{99742687-C9AD-4BF7-866D-5C61BA00EB57}.Debug|Any CPU.ActiveCfg = Debug|Any CPU
		{99742687-C9AD-4BF7-866D-5C61BA00EB57}.Debug|Any CPU.Build.0 = Debug|Any CPU
		{99742687-C9AD-4BF7-866D-5C61BA00EB57}.Debug|x86.ActiveCfg = Debug|Any CPU
		{99742687-C9AD-4BF7-866D-5C61BA00EB57}.Debug|x86.Build.0 = Debug|Any CPU
		{99742687-C9AD-4BF7-866D-5C61BA00EB57}.Release|Any CPU.ActiveCfg = Release|Any CPU
		{99742687-C9AD-4BF7-866D-5C61BA00EB57}.Release|Any CPU.Build.0 = Release|Any CPU
		{99742687-C9AD-4BF7-866D-5C61BA00EB57}.Release|x86.ActiveCfg = Release|Any CPU
		{99742687-C9AD-4BF7-866D-5C61BA00EB57}.Release|x86.Build.0 = Release|Any CPU
		{E444CDEC-DB43-4FE6-993A-ABE126B9CF14}.DebugAnyCPU|Any CPU.ActiveCfg = Debug|Any CPU
		{E444CDEC-DB43-4FE6-993A-ABE126B9CF14}.DebugAnyCPU|Any CPU.Build.0 = Debug|Any CPU
		{E444CDEC-DB43-4FE6-993A-ABE126B9CF14}.DebugAnyCPU|x86.ActiveCfg = Debug|Any CPU
		{E444CDEC-DB43-4FE6-993A-ABE126B9CF14}.DebugAnyCPU|x86.Build.0 = Debug|Any CPU
		{E444CDEC-DB43-4FE6-993A-ABE126B9CF14}.Debug|Any CPU.ActiveCfg = Debug|Any CPU
		{E444CDEC-DB43-4FE6-993A-ABE126B9CF14}.Debug|Any CPU.Build.0 = Debug|Any CPU
		{E444CDEC-DB43-4FE6-993A-ABE126B9CF14}.Debug|x86.ActiveCfg = Debug|Any CPU
		{E444CDEC-DB43-4FE6-993A-ABE126B9CF14}.Debug|x86.Build.0 = Debug|Any CPU
		{E444CDEC-DB43-4FE6-993A-ABE126B9CF14}.Release|Any CPU.ActiveCfg = Release|Any CPU
		{E444CDEC-DB43-4FE6-993A-ABE126B9CF14}.Release|Any CPU.Build.0 = Release|Any CPU
		{E444CDEC-DB43-4FE6-993A-ABE126B9CF14}.Release|x86.ActiveCfg = Release|Any CPU
		{E444CDEC-DB43-4FE6-993A-ABE126B9CF14}.Release|x86.Build.0 = Release|Any CPU
		{94D1379D-F504-4177-936A-AB48C2D3737A}.DebugAnyCPU|Any CPU.ActiveCfg = Debug|Any CPU
		{94D1379D-F504-4177-936A-AB48C2D3737A}.DebugAnyCPU|Any CPU.Build.0 = Debug|Any CPU
		{94D1379D-F504-4177-936A-AB48C2D3737A}.DebugAnyCPU|x86.ActiveCfg = Debug|Any CPU
		{94D1379D-F504-4177-936A-AB48C2D3737A}.DebugAnyCPU|x86.Build.0 = Debug|Any CPU
		{94D1379D-F504-4177-936A-AB48C2D3737A}.Debug|Any CPU.ActiveCfg = Debug|Any CPU
		{94D1379D-F504-4177-936A-AB48C2D3737A}.Debug|Any CPU.Build.0 = Debug|Any CPU
		{94D1379D-F504-4177-936A-AB48C2D3737A}.Debug|x86.ActiveCfg = Debug|Any CPU
		{94D1379D-F504-4177-936A-AB48C2D3737A}.Debug|x86.Build.0 = Debug|Any CPU
		{94D1379D-F504-4177-936A-AB48C2D3737A}.Release|Any CPU.ActiveCfg = Release|Any CPU
		{94D1379D-F504-4177-936A-AB48C2D3737A}.Release|Any CPU.Build.0 = Release|Any CPU
		{94D1379D-F504-4177-936A-AB48C2D3737A}.Release|x86.ActiveCfg = Release|Any CPU
		{94D1379D-F504-4177-936A-AB48C2D3737A}.Release|x86.Build.0 = Release|Any CPU
	EndGlobalSection
	GlobalSection(SolutionProperties) = preSolution
		HideSolutionNode = FALSE
	EndGlobalSection
	GlobalSection(ExtensibilityGlobals) = postSolution
		SolutionGuid = {CD3797E2-218A-4801-84B6-89362506F42F}
	EndGlobalSection
EndGlobal
