
Microsoft Visual Studio Solution File, Format Version 11.00
# Visual Studio 2010
Project("{FAE04EC0-301F-11D3-BF4B-00C04F79EFBC}") = "UserInterface", "UserInterface\UserInterface.csproj", "{27056DED-A49C-4351-90A8-DFA9C8AC906E}"
EndProject
Project("{2150E333-8FDC-42A3-9474-1A3956D46DE8}") = "Solution Items", "Solution Items", "{CD18137A-918C-421F-922A-FA633A1C3884}"
	ProjectSection(SolutionItems) = preProject
		ApsimX.vsmdi = ApsimX.vsmdi
		Local.testsettings = Local.testsettings
		TraceAndTestImpact.testsettings = TraceAndTestImpact.testsettings
	EndProjectSection
EndProject
Project("{FAE04EC0-301F-11D3-BF4B-00C04F79EFBC}") = "Models", "Models\Models.csproj", "{A3E10705-F2BB-4182-A19C-7F63222584DF}"
EndProject
Project("{FAE04EC0-301F-11D3-BF4B-00C04F79EFBC}") = "UnitTests", "Tests\UnitTests\UnitTests.csproj", "{79CB308E-BC40-48CE-A2FD-06869D31320C}"
EndProject
Project("{FAE04EC0-301F-11D3-BF4B-00C04F79EFBC}") = "ConsoleApplication1", "ConsoleApplication1\ConsoleApplication1.csproj", "{529F4D6C-6FB1-4899-A798-0236930F67A6}"
EndProject
Global
	GlobalSection(TestCaseManagementSettings) = postSolution
		CategoryFile = ApsimX.vsmdi
	EndGlobalSection
	GlobalSection(SolutionConfigurationPlatforms) = preSolution
		Debug|Any CPU = Debug|Any CPU
		Debug|Mixed Platforms = Debug|Mixed Platforms
		Debug|x86 = Debug|x86
		Release|Any CPU = Release|Any CPU
		Release|Mixed Platforms = Release|Mixed Platforms
		Release|x86 = Release|x86
	EndGlobalSection
	GlobalSection(ProjectConfigurationPlatforms) = postSolution
		{27056DED-A49C-4351-90A8-DFA9C8AC906E}.Debug|Any CPU.ActiveCfg = Debug|x86
		{27056DED-A49C-4351-90A8-DFA9C8AC906E}.Debug|Mixed Platforms.ActiveCfg = Debug|x86
		{27056DED-A49C-4351-90A8-DFA9C8AC906E}.Debug|Mixed Platforms.Build.0 = Debug|x86
		{27056DED-A49C-4351-90A8-DFA9C8AC906E}.Debug|x86.ActiveCfg = Debug|x86
		{27056DED-A49C-4351-90A8-DFA9C8AC906E}.Debug|x86.Build.0 = Debug|x86
		{27056DED-A49C-4351-90A8-DFA9C8AC906E}.Release|Any CPU.ActiveCfg = Release|x86
		{27056DED-A49C-4351-90A8-DFA9C8AC906E}.Release|Mixed Platforms.ActiveCfg = Release|x86
		{27056DED-A49C-4351-90A8-DFA9C8AC906E}.Release|Mixed Platforms.Build.0 = Release|x86
		{27056DED-A49C-4351-90A8-DFA9C8AC906E}.Release|x86.ActiveCfg = Release|x86
		{27056DED-A49C-4351-90A8-DFA9C8AC906E}.Release|x86.Build.0 = Release|x86
		{A3E10705-F2BB-4182-A19C-7F63222584DF}.Debug|Any CPU.ActiveCfg = Debug|Any CPU
		{A3E10705-F2BB-4182-A19C-7F63222584DF}.Debug|Any CPU.Build.0 = Debug|Any CPU
		{A3E10705-F2BB-4182-A19C-7F63222584DF}.Debug|Mixed Platforms.ActiveCfg = Debug|Any CPU
		{A3E10705-F2BB-4182-A19C-7F63222584DF}.Debug|Mixed Platforms.Build.0 = Debug|Any CPU
		{A3E10705-F2BB-4182-A19C-7F63222584DF}.Debug|x86.ActiveCfg = Debug|Any CPU
		{A3E10705-F2BB-4182-A19C-7F63222584DF}.Release|Any CPU.ActiveCfg = Release|Any CPU
		{A3E10705-F2BB-4182-A19C-7F63222584DF}.Release|Any CPU.Build.0 = Release|Any CPU
		{A3E10705-F2BB-4182-A19C-7F63222584DF}.Release|Mixed Platforms.ActiveCfg = Release|Any CPU
		{A3E10705-F2BB-4182-A19C-7F63222584DF}.Release|Mixed Platforms.Build.0 = Release|Any CPU
		{A3E10705-F2BB-4182-A19C-7F63222584DF}.Release|x86.ActiveCfg = Release|Any CPU
		{79CB308E-BC40-48CE-A2FD-06869D31320C}.Debug|Any CPU.ActiveCfg = Debug|Any CPU
		{79CB308E-BC40-48CE-A2FD-06869D31320C}.Debug|Any CPU.Build.0 = Debug|Any CPU
		{79CB308E-BC40-48CE-A2FD-06869D31320C}.Debug|Mixed Platforms.ActiveCfg = Debug|Any CPU
		{79CB308E-BC40-48CE-A2FD-06869D31320C}.Debug|Mixed Platforms.Build.0 = Debug|Any CPU
		{79CB308E-BC40-48CE-A2FD-06869D31320C}.Debug|x86.ActiveCfg = Debug|Any CPU
		{79CB308E-BC40-48CE-A2FD-06869D31320C}.Release|Any CPU.ActiveCfg = Release|Any CPU
		{79CB308E-BC40-48CE-A2FD-06869D31320C}.Release|Any CPU.Build.0 = Release|Any CPU
		{79CB308E-BC40-48CE-A2FD-06869D31320C}.Release|Mixed Platforms.ActiveCfg = Release|Any CPU
		{79CB308E-BC40-48CE-A2FD-06869D31320C}.Release|Mixed Platforms.Build.0 = Release|Any CPU
		{79CB308E-BC40-48CE-A2FD-06869D31320C}.Release|x86.ActiveCfg = Release|Any CPU
		{529F4D6C-6FB1-4899-A798-0236930F67A6}.Debug|Any CPU.ActiveCfg = Debug|x86
		{529F4D6C-6FB1-4899-A798-0236930F67A6}.Debug|Mixed Platforms.ActiveCfg = Debug|x86
		{529F4D6C-6FB1-4899-A798-0236930F67A6}.Debug|Mixed Platforms.Build.0 = Debug|x86
		{529F4D6C-6FB1-4899-A798-0236930F67A6}.Debug|x86.ActiveCfg = Debug|x86
		{529F4D6C-6FB1-4899-A798-0236930F67A6}.Debug|x86.Build.0 = Debug|x86
		{529F4D6C-6FB1-4899-A798-0236930F67A6}.Release|Any CPU.ActiveCfg = Release|x86
		{529F4D6C-6FB1-4899-A798-0236930F67A6}.Release|Mixed Platforms.ActiveCfg = Release|x86
		{529F4D6C-6FB1-4899-A798-0236930F67A6}.Release|Mixed Platforms.Build.0 = Release|x86
		{529F4D6C-6FB1-4899-A798-0236930F67A6}.Release|x86.ActiveCfg = Release|x86
		{529F4D6C-6FB1-4899-A798-0236930F67A6}.Release|x86.Build.0 = Release|x86
	EndGlobalSection
	GlobalSection(SolutionProperties) = preSolution
		HideSolutionNode = FALSE
	EndGlobalSection
EndGlobal
